
Microsoft Visual Studio Solution File, Format Version 12.00
# Visual Studio Version 17
VisualStudioVersion = 17.5.002.0
MinimumVisualStudioVersion = 10.0.40219.1
Project("{9A19103F-16F7-4668-BE54-9A1E7A4F7556}") = "TesteApi", "TesteApi.csproj", "{BAB98AC1-4743-4E1E-8F48-6FFB56D92096}"
EndProject
Global
	GlobalSection(SolutionConfigurationPlatforms) = preSolution
		Debug|Any CPU = Debug|Any CPU
		Release|Any CPU = Release|Any CPU
	EndGlobalSection
	GlobalSection(ProjectConfigurationPlatforms) = postSolution
		{BAB98AC1-4743-4E1E-8F48-6FFB56D92096}.Debug|Any CPU.ActiveCfg = Debug|Any CPU
		{BAB98AC1-4743-4E1E-8F48-6FFB56D92096}.Debug|Any CPU.Build.0 = Debug|Any CPU
		{BAB98AC1-4743-4E1E-8F48-6FFB56D92096}.Release|Any CPU.ActiveCfg = Release|Any CPU
		{BAB98AC1-4743-4E1E-8F48-6FFB56D92096}.Release|Any CPU.Build.0 = Release|Any CPU
	EndGlobalSection
	GlobalSection(SolutionProperties) = preSolution
		HideSolutionNode = FALSE
	EndGlobalSection
	GlobalSection(ExtensibilityGlobals) = postSolution
		SolutionGuid = {2E928276-2A8A-422F-8133-8F590D820192}
	EndGlobalSection
EndGlobal
